
Microsoft Visual Studio Solution File, Format Version 12.00
# Visual Studio Version 17
VisualStudioVersion = 17.1.32228.430
MinimumVisualStudioVersion = 10.0.40219.1
Project("{FAE04EC0-301F-11D3-BF4B-00C04F79EFBC}") = "Hatırlatıcı", "Hatırlatıcı\Hatırlatıcı.csproj", "{77F16D32-3BFE-4565-AA00-5797FA42687C}"
EndProject
Global
	GlobalSection(SolutionConfigurationPlatforms) = preSolution
		Debug|Any CPU = Debug|Any CPU
		Release|Any CPU = Release|Any CPU
	EndGlobalSection
	GlobalSection(ProjectConfigurationPlatforms) = postSolution
		{77F16D32-3BFE-4565-AA00-5797FA42687C}.Debug|Any CPU.ActiveCfg = Debug|Any CPU
		{77F16D32-3BFE-4565-AA00-5797FA42687C}.Debug|Any CPU.Build.0 = Debug|Any CPU
		{77F16D32-3BFE-4565-AA00-5797FA42687C}.Release|Any CPU.ActiveCfg = Release|Any CPU
		{77F16D32-3BFE-4565-AA00-5797FA42687C}.Release|Any CPU.Build.0 = Release|Any CPU
	EndGlobalSection
	GlobalSection(SolutionProperties) = preSolution
		HideSolutionNode = FALSE
	EndGlobalSection
	GlobalSection(ExtensibilityGlobals) = postSolution
		SolutionGuid = {6F24BF08-56DC-4769-838C-7474966824CF}
	EndGlobalSection
EndGlobal
