
Microsoft Visual Studio Solution File, Format Version 12.00
# Visual Studio Version 17
VisualStudioVersion = 17.1.32210.238
MinimumVisualStudioVersion = 10.0.40219.1
Project("{FAE04EC0-301F-11D3-BF4B-00C04F79EFBC}") = "While", "While\While.csproj", "{182BDE85-8330-4CF6-97F0-541B69AC2415}"
EndProject
Global
	GlobalSection(SolutionConfigurationPlatforms) = preSolution
		Debug|Any CPU = Debug|Any CPU
		Release|Any CPU = Release|Any CPU
	EndGlobalSection
	GlobalSection(ProjectConfigurationPlatforms) = postSolution
		{182BDE85-8330-4CF6-97F0-541B69AC2415}.Debug|Any CPU.ActiveCfg = Debug|Any CPU
		{182BDE85-8330-4CF6-97F0-541B69AC2415}.Debug|Any CPU.Build.0 = Debug|Any CPU
		{182BDE85-8330-4CF6-97F0-541B69AC2415}.Release|Any CPU.ActiveCfg = Release|Any CPU
		{182BDE85-8330-4CF6-97F0-541B69AC2415}.Release|Any CPU.Build.0 = Release|Any CPU
	EndGlobalSection
	GlobalSection(SolutionProperties) = preSolution
		HideSolutionNode = FALSE
	EndGlobalSection
	GlobalSection(ExtensibilityGlobals) = postSolution
		SolutionGuid = {2CEE634D-9B44-453E-8AC4-AF1DD56B7C60}
	EndGlobalSection
EndGlobal
