
Microsoft Visual Studio Solution File, Format Version 12.00
# Visual Studio Version 17
VisualStudioVersion = 17.1.32210.238
MinimumVisualStudioVersion = 10.0.40219.1
Project("{FAE04EC0-301F-11D3-BF4B-00C04F79EFBC}") = "ref and out", "ref and out\ref and out.csproj", "{BF337792-C689-4584-A7F3-A01F78A53E5F}"
EndProject
Global
	GlobalSection(SolutionConfigurationPlatforms) = preSolution
		Debug|Any CPU = Debug|Any CPU
		Release|Any CPU = Release|Any CPU
	EndGlobalSection
	GlobalSection(ProjectConfigurationPlatforms) = postSolution
		{BF337792-C689-4584-A7F3-A01F78A53E5F}.Debug|Any CPU.ActiveCfg = Debug|Any CPU
		{BF337792-C689-4584-A7F3-A01F78A53E5F}.Debug|Any CPU.Build.0 = Debug|Any CPU
		{BF337792-C689-4584-A7F3-A01F78A53E5F}.Release|Any CPU.ActiveCfg = Release|Any CPU
		{BF337792-C689-4584-A7F3-A01F78A53E5F}.Release|Any CPU.Build.0 = Release|Any CPU
	EndGlobalSection
	GlobalSection(SolutionProperties) = preSolution
		HideSolutionNode = FALSE
	EndGlobalSection
	GlobalSection(ExtensibilityGlobals) = postSolution
		SolutionGuid = {FF19DC00-C146-4E00-80C8-E8D412C2AA3F}
	EndGlobalSection
EndGlobal
