
Microsoft Visual Studio Solution File, Format Version 12.00
# Visual Studio Version 17
VisualStudioVersion = 17.1.32210.238
MinimumVisualStudioVersion = 10.0.40219.1
Project("{FAE04EC0-301F-11D3-BF4B-00C04F79EFBC}") = "Break ve Continue", "Break ve Continue\Break ve Continue.csproj", "{C6625CE5-E45C-41A8-A283-1874C749D289}"
EndProject
Global
	GlobalSection(SolutionConfigurationPlatforms) = preSolution
		Debug|Any CPU = Debug|Any CPU
		Release|Any CPU = Release|Any CPU
	EndGlobalSection
	GlobalSection(ProjectConfigurationPlatforms) = postSolution
		{C6625CE5-E45C-41A8-A283-1874C749D289}.Debug|Any CPU.ActiveCfg = Debug|Any CPU
		{C6625CE5-E45C-41A8-A283-1874C749D289}.Debug|Any CPU.Build.0 = Debug|Any CPU
		{C6625CE5-E45C-41A8-A283-1874C749D289}.Release|Any CPU.ActiveCfg = Release|Any CPU
		{C6625CE5-E45C-41A8-A283-1874C749D289}.Release|Any CPU.Build.0 = Release|Any CPU
	EndGlobalSection
	GlobalSection(SolutionProperties) = preSolution
		HideSolutionNode = FALSE
	EndGlobalSection
	GlobalSection(ExtensibilityGlobals) = postSolution
		SolutionGuid = {7AEE03CE-01B8-42DE-9874-9762AB3DA677}
	EndGlobalSection
EndGlobal
