
Microsoft Visual Studio Solution File, Format Version 12.00
# Visual Studio Version 17
VisualStudioVersion = 17.1.32319.34
MinimumVisualStudioVersion = 10.0.40219.1
Project("{FAE04EC0-301F-11D3-BF4B-00C04F79EFBC}") = "Sesli harf bulma", "Sesli harf bulma\Sesli harf bulma.csproj", "{612C2230-0DA2-4785-A624-D2BFBCFB3E16}"
EndProject
Global
	GlobalSection(SolutionConfigurationPlatforms) = preSolution
		Debug|Any CPU = Debug|Any CPU
		Release|Any CPU = Release|Any CPU
	EndGlobalSection
	GlobalSection(ProjectConfigurationPlatforms) = postSolution
		{612C2230-0DA2-4785-A624-D2BFBCFB3E16}.Debug|Any CPU.ActiveCfg = Debug|Any CPU
		{612C2230-0DA2-4785-A624-D2BFBCFB3E16}.Debug|Any CPU.Build.0 = Debug|Any CPU
		{612C2230-0DA2-4785-A624-D2BFBCFB3E16}.Release|Any CPU.ActiveCfg = Release|Any CPU
		{612C2230-0DA2-4785-A624-D2BFBCFB3E16}.Release|Any CPU.Build.0 = Release|Any CPU
	EndGlobalSection
	GlobalSection(SolutionProperties) = preSolution
		HideSolutionNode = FALSE
	EndGlobalSection
	GlobalSection(ExtensibilityGlobals) = postSolution
		SolutionGuid = {B3C33526-75D0-46A9-99F0-BD77212580FC}
	EndGlobalSection
EndGlobal
