
Microsoft Visual Studio Solution File, Format Version 12.00
# Visual Studio Version 17
VisualStudioVersion = 17.1.32210.238
MinimumVisualStudioVersion = 10.0.40219.1
Project("{FAE04EC0-301F-11D3-BF4B-00C04F79EFBC}") = "For", "For\For.csproj", "{2C841480-2DF5-4C86-8345-D2CF7D795EA8}"
EndProject
Global
	GlobalSection(SolutionConfigurationPlatforms) = preSolution
		Debug|Any CPU = Debug|Any CPU
		Release|Any CPU = Release|Any CPU
	EndGlobalSection
	GlobalSection(ProjectConfigurationPlatforms) = postSolution
		{2C841480-2DF5-4C86-8345-D2CF7D795EA8}.Debug|Any CPU.ActiveCfg = Debug|Any CPU
		{2C841480-2DF5-4C86-8345-D2CF7D795EA8}.Debug|Any CPU.Build.0 = Debug|Any CPU
		{2C841480-2DF5-4C86-8345-D2CF7D795EA8}.Release|Any CPU.ActiveCfg = Release|Any CPU
		{2C841480-2DF5-4C86-8345-D2CF7D795EA8}.Release|Any CPU.Build.0 = Release|Any CPU
	EndGlobalSection
	GlobalSection(SolutionProperties) = preSolution
		HideSolutionNode = FALSE
	EndGlobalSection
	GlobalSection(ExtensibilityGlobals) = postSolution
		SolutionGuid = {445809E5-9387-4A2D-8F5B-A37B2C49D53E}
	EndGlobalSection
EndGlobal
