
Microsoft Visual Studio Solution File, Format Version 12.00
# Visual Studio Version 17
VisualStudioVersion = 17.1.32228.430
MinimumVisualStudioVersion = 10.0.40219.1
Project("{FAE04EC0-301F-11D3-BF4B-00C04F79EFBC}") = "Metotlar", "Metotlar\Metotlar.csproj", "{F1134736-A268-4075-ADF1-FBAA61C6F1E9}"
EndProject
Global
	GlobalSection(SolutionConfigurationPlatforms) = preSolution
		Debug|Any CPU = Debug|Any CPU
		Release|Any CPU = Release|Any CPU
	EndGlobalSection
	GlobalSection(ProjectConfigurationPlatforms) = postSolution
		{F1134736-A268-4075-ADF1-FBAA61C6F1E9}.Debug|Any CPU.ActiveCfg = Debug|Any CPU
		{F1134736-A268-4075-ADF1-FBAA61C6F1E9}.Debug|Any CPU.Build.0 = Debug|Any CPU
		{F1134736-A268-4075-ADF1-FBAA61C6F1E9}.Release|Any CPU.ActiveCfg = Release|Any CPU
		{F1134736-A268-4075-ADF1-FBAA61C6F1E9}.Release|Any CPU.Build.0 = Release|Any CPU
	EndGlobalSection
	GlobalSection(SolutionProperties) = preSolution
		HideSolutionNode = FALSE
	EndGlobalSection
	GlobalSection(ExtensibilityGlobals) = postSolution
		SolutionGuid = {AC22BF95-786E-4108-A54E-DE3226C2F74F}
	EndGlobalSection
EndGlobal
